# This file is automatically @generated by Poetry 1.8.2 and should not be changed by hand.

[[package]]
name = "dnspython"
version = "2.6.1"
description = "DNS toolkit"
optional = true
python-versions = ">=3.8"
files = [
    {file = "dnspython-2.6.1-py3-none-any.whl", hash = "sha256:5ef3b9680161f6fa89daf8ad451b5f1a33b18ae8a1c6778cdf4b43f08c0a6e50"},
    {file = "dnspython-2.6.1.tar.gz", hash = "sha256:e8f0f9c23a7b7cb99ded64e6c3a6f3e701d78f50c55e002b839dea7225cff7cc"},
]

[package.extras]
dev = ["black (>=23.1.0)", "coverage (>=7.0)", "flake8 (>=7)", "mypy (>=1.8)", "pylint (>=3)", "pytest (>=7.4)", "pytest-cov (>=4.1.0)", "sphinx (>=7.2.0)", "twine (>=4.0.0)", "wheel (>=0.42.0)"]
dnssec = ["cryptography (>=41)"]
doh = ["h2 (>=4.1.0)", "httpcore (>=1.0.0)", "httpx (>=0.26.0)"]
doq = ["aioquic (>=0.9.25)"]
idna = ["idna (>=3.6)"]
trio = ["trio (>=0.23)"]
wmi = ["wmi (>=1.5.1)"]

[[package]]
name = "motor"
version = "3.4.0"
description = "Non-blocking MongoDB driver for Tornado or asyncio"
optional = true
python-versions = ">=3.7"
files = [
    {file = "motor-3.4.0-py3-none-any.whl", hash = "sha256:4b1e1a0cc5116ff73be2c080a72da078f2bb719b53bc7a6bb9e9a2f7dcd421ed"},
    {file = "motor-3.4.0.tar.gz", hash = "sha256:c89b4e4eb2e711345e91c7c9b122cb68cce0e5e869ed0387dd0acb10775e3131"},
]

[package.dependencies]
pymongo = ">=4.5,<5"

[package.extras]
aws = ["pymongo[aws] (>=4.5,<5)"]
encryption = ["pymongo[encryption] (>=4.5,<5)"]
gssapi = ["pymongo[gssapi] (>=4.5,<5)"]
ocsp = ["pymongo[ocsp] (>=4.5,<5)"]
snappy = ["pymongo[snappy] (>=4.5,<5)"]
srv = ["pymongo[srv] (>=4.5,<5)"]
test = ["aiohttp (!=3.8.6)", "mockupdb", "motor[encryption]", "pytest (>=7)", "tornado (>=5)"]
zstd = ["pymongo[zstd] (>=4.5,<5)"]

[[package]]
name = "msgspec"
version = "0.18.6"
description = "A fast serialization and validation library, with builtin support for JSON, MessagePack, YAML, and TOML."
optional = false
python-versions = ">=3.8"
files = [
    {file = "msgspec-0.18.6-cp310-cp310-macosx_10_9_x86_64.whl", hash = "sha256:77f30b0234eceeff0f651119b9821ce80949b4d667ad38f3bfed0d0ebf9d6d8f"},
    {file = "msgspec-0.18.6-cp310-cp310-macosx_11_0_arm64.whl", hash = "sha256:1a76b60e501b3932782a9da039bd1cd552b7d8dec54ce38332b87136c64852dd"},
    {file = "msgspec-0.18.6-cp310-cp310-manylinux_2_17_aarch64.manylinux2014_aarch64.whl", hash = "sha256:06acbd6edf175bee0e36295d6b0302c6de3aaf61246b46f9549ca0041a9d7177"},
    {file = "msgspec-0.18.6-cp310-cp310-manylinux_2_17_x86_64.manylinux2014_x86_64.whl", hash = "sha256:40a4df891676d9c28a67c2cc39947c33de516335680d1316a89e8f7218660410"},
    {file = "msgspec-0.18.6-cp310-cp310-musllinux_1_1_aarch64.whl", hash = "sha256:a6896f4cd5b4b7d688018805520769a8446df911eb93b421c6c68155cdf9dd5a"},
    {file = "msgspec-0.18.6-cp310-cp310-musllinux_1_1_x86_64.whl", hash = "sha256:3ac4dd63fd5309dd42a8c8c36c1563531069152be7819518be0a9d03be9788e4"},
    {file = "msgspec-0.18.6-cp310-cp310-win_amd64.whl", hash = "sha256:fda4c357145cf0b760000c4ad597e19b53adf01382b711f281720a10a0fe72b7"},
    {file = "msgspec-0.18.6-cp311-cp311-macosx_10_9_x86_64.whl", hash = "sha256:e77e56ffe2701e83a96e35770c6adb655ffc074d530018d1b584a8e635b4f36f"},
    {file = "msgspec-0.18.6-cp311-cp311-macosx_11_0_arm64.whl", hash = "sha256:d5351afb216b743df4b6b147691523697ff3a2fc5f3d54f771e91219f5c23aaa"},
    {file = "msgspec-0.18.6-cp311-cp311-manylinux_2_17_aarch64.manylinux2014_aarch64.whl", hash = "sha256:c3232fabacef86fe8323cecbe99abbc5c02f7698e3f5f2e248e3480b66a3596b"},
    {file = "msgspec-0.18.6-cp311-cp311-manylinux_2_17_x86_64.manylinux2014_x86_64.whl", hash = "sha256:e3b524df6ea9998bbc99ea6ee4d0276a101bcc1aa8d14887bb823914d9f60d07"},
    {file = "msgspec-0.18.6-cp311-cp311-musllinux_1_1_aarch64.whl", hash = "sha256:37f67c1d81272131895bb20d388dd8d341390acd0e192a55ab02d4d6468b434c"},
    {file = "msgspec-0.18.6-cp311-cp311-musllinux_1_1_x86_64.whl", hash = "sha256:d0feb7a03d971c1c0353de1a8fe30bb6579c2dc5ccf29b5f7c7ab01172010492"},
    {file = "msgspec-0.18.6-cp311-cp311-win_amd64.whl", hash = "sha256:41cf758d3f40428c235c0f27bc6f322d43063bc32da7b9643e3f805c21ed57b4"},
    {file = "msgspec-0.18.6-cp312-cp312-macosx_10_9_x86_64.whl", hash = "sha256:d86f5071fe33e19500920333c11e2267a31942d18fed4d9de5bc2fbab267d28c"},
    {file = "msgspec-0.18.6-cp312-cp312-macosx_11_0_arm64.whl", hash = "sha256:ce13981bfa06f5eb126a3a5a38b1976bddb49a36e4f46d8e6edecf33ccf11df1"},
    {file = "msgspec-0.18.6-cp312-cp312-manylinux_2_17_aarch64.manylinux2014_aarch64.whl", hash = "sha256:e97dec6932ad5e3ee1e3c14718638ba333befc45e0661caa57033cd4cc489466"},
    {file = "msgspec-0.18.6-cp312-cp312-manylinux_2_17_x86_64.manylinux2014_x86_64.whl", hash = "sha256:ad237100393f637b297926cae1868b0d500f764ccd2f0623a380e2bcfb2809ca"},
    {file = "msgspec-0.18.6-cp312-cp312-musllinux_1_1_aarch64.whl", hash = "sha256:db1d8626748fa5d29bbd15da58b2d73af25b10aa98abf85aab8028119188ed57"},
    {file = "msgspec-0.18.6-cp312-cp312-musllinux_1_1_x86_64.whl", hash = "sha256:d70cb3d00d9f4de14d0b31d38dfe60c88ae16f3182988246a9861259c6722af6"},
    {file = "msgspec-0.18.6-cp312-cp312-win_amd64.whl", hash = "sha256:1003c20bfe9c6114cc16ea5db9c5466e49fae3d7f5e2e59cb70693190ad34da0"},
    {file = "msgspec-0.18.6-cp38-cp38-macosx_10_9_x86_64.whl", hash = "sha256:f7d9faed6dfff654a9ca7d9b0068456517f63dbc3aa704a527f493b9200b210a"},
    {file = "msgspec-0.18.6-cp38-cp38-macosx_11_0_arm64.whl", hash = "sha256:9da21f804c1a1471f26d32b5d9bc0480450ea77fbb8d9db431463ab64aaac2cf"},
    {file = "msgspec-0.18.6-cp38-cp38-manylinux_2_17_aarch64.manylinux2014_aarch64.whl", hash = "sha256:46eb2f6b22b0e61c137e65795b97dc515860bf6ec761d8fb65fdb62aa094ba61"},
    {file = "msgspec-0.18.6-cp38-cp38-manylinux_2_17_x86_64.manylinux2014_x86_64.whl", hash = "sha256:c8355b55c80ac3e04885d72db515817d9fbb0def3bab936bba104e99ad22cf46"},
    {file = "msgspec-0.18.6-cp38-cp38-musllinux_1_1_aarch64.whl", hash = "sha256:9080eb12b8f59e177bd1eb5c21e24dd2ba2fa88a1dbc9a98e05ad7779b54c681"},
    {file = "msgspec-0.18.6-cp38-cp38-musllinux_1_1_x86_64.whl", hash = "sha256:cc001cf39becf8d2dcd3f413a4797c55009b3a3cdbf78a8bf5a7ca8fdb76032c"},
    {file = "msgspec-0.18.6-cp38-cp38-win_amd64.whl", hash = "sha256:fac5834e14ac4da1fca373753e0c4ec9c8069d1fe5f534fa5208453b6065d5be"},
    {file = "msgspec-0.18.6-cp39-cp39-macosx_10_9_x86_64.whl", hash = "sha256:974d3520fcc6b824a6dedbdf2b411df31a73e6e7414301abac62e6b8d03791b4"},
    {file = "msgspec-0.18.6-cp39-cp39-macosx_11_0_arm64.whl", hash = "sha256:fd62e5818731a66aaa8e9b0a1e5543dc979a46278da01e85c3c9a1a4f047ef7e"},
    {file = "msgspec-0.18.6-cp39-cp39-manylinux_2_17_aarch64.manylinux2014_aarch64.whl", hash = "sha256:7481355a1adcf1f08dedd9311193c674ffb8bf7b79314b4314752b89a2cf7f1c"},
    {file = "msgspec-0.18.6-cp39-cp39-manylinux_2_17_x86_64.manylinux2014_x86_64.whl", hash = "sha256:6aa85198f8f154cf35d6f979998f6dadd3dc46a8a8c714632f53f5d65b315c07"},
    {file = "msgspec-0.18.6-cp39-cp39-musllinux_1_1_aarch64.whl", hash = "sha256:0e24539b25c85c8f0597274f11061c102ad6b0c56af053373ba4629772b407be"},
    {file = "msgspec-0.18.6-cp39-cp39-musllinux_1_1_x86_64.whl", hash = "sha256:c61ee4d3be03ea9cd089f7c8e36158786cd06e51fbb62529276452bbf2d52ece"},
    {file = "msgspec-0.18.6-cp39-cp39-win_amd64.whl", hash = "sha256:b5c390b0b0b7da879520d4ae26044d74aeee5144f83087eb7842ba59c02bc090"},
    {file = "msgspec-0.18.6.tar.gz", hash = "sha256:a59fc3b4fcdb972d09138cb516dbde600c99d07c38fd9372a6ef500d2d031b4e"},
]

[package.extras]
dev = ["attrs", "coverage", "furo", "gcovr", "ipython", "msgpack", "mypy", "pre-commit", "pyright", "pytest", "pyyaml", "sphinx", "sphinx-copybutton", "sphinx-design", "tomli", "tomli-w"]
doc = ["furo", "ipython", "sphinx", "sphinx-copybutton", "sphinx-design"]
test = ["attrs", "msgpack", "mypy", "pyright", "pytest", "pyyaml", "tomli", "tomli-w"]
toml = ["tomli", "tomli-w"]
yaml = ["pyyaml"]

[[package]]
name = "nodeenv"
version = "1.8.0"
description = "Node.js virtual environment builder"
optional = false
python-versions = ">=2.7,!=3.0.*,!=3.1.*,!=3.2.*,!=3.3.*,!=3.4.*,!=3.5.*,!=3.6.*"
files = [
    {file = "nodeenv-1.8.0-py2.py3-none-any.whl", hash = "sha256:df865724bb3c3adc86b3876fa209771517b0cfe596beff01a92700e0e8be4cec"},
    {file = "nodeenv-1.8.0.tar.gz", hash = "sha256:d51e0c37e64fbf47d017feac3145cdbb58836d7eee8c6f6d3b6880c5456227d2"},
]

[package.dependencies]
setuptools = "*"

[[package]]
name = "pymongo"
version = "4.6.3"
description = "Python driver for MongoDB <http://www.mongodb.org>"
optional = true
python-versions = ">=3.7"
files = [
    {file = "pymongo-4.6.3-cp310-cp310-macosx_10_9_universal2.whl", hash = "sha256:e344d0afdd7c06c1f1e66a4736593293f432defc2191e6b411fc9c82fa8c5adc"},
    {file = "pymongo-4.6.3-cp310-cp310-manylinux1_i686.whl", hash = "sha256:731a92dfc4022db763bfa835c6bd160f2d2cba6ada75749c2ed500e13983414b"},
    {file = "pymongo-4.6.3-cp310-cp310-manylinux2014_aarch64.whl", hash = "sha256:c4726e36a2f7e92f09f5b8e92ba4db7525daffe31a0dcbcf0533edc0ade8c7d8"},
    {file = "pymongo-4.6.3-cp310-cp310-manylinux2014_i686.whl", hash = "sha256:00e6cfce111883ca63a3c12878286e0b89871f4b840290e61fb6f88ee0e687be"},
    {file = "pymongo-4.6.3-cp310-cp310-manylinux2014_ppc64le.whl", hash = "sha256:cc7a26edf79015c58eea46feb5b262cece55bc1d4929a8a9e0cbe7e6d6a9b0eb"},
    {file = "pymongo-4.6.3-cp310-cp310-manylinux2014_s390x.whl", hash = "sha256:4955be64d943b30f2a7ff98d818ca530f7cb37450bc6b32c37e0e74821907ef8"},
    {file = "pymongo-4.6.3-cp310-cp310-manylinux2014_x86_64.whl", hash = "sha256:af039afc6d787502c02089759778b550cb2f25dbe2780f5b050a2e37031c3fbf"},
    {file = "pymongo-4.6.3-cp310-cp310-manylinux_2_17_aarch64.manylinux2014_aarch64.whl", hash = "sha256:ccc15a7c7a99aed7d0831eaf78a607f1db0c7a255f96e3d18984231acd72f70c"},
    {file = "pymongo-4.6.3-cp310-cp310-manylinux_2_17_ppc64le.manylinux2014_ppc64le.whl", hash = "sha256:8e97c138d811e9367723fcd07c4402a9211caae20479fdd6301d57762778a69f"},
    {file = "pymongo-4.6.3-cp310-cp310-manylinux_2_17_s390x.manylinux2014_s390x.whl", hash = "sha256:ebcc145c74d06296ce0cad35992185064e5cb2aadef719586778c144f0cd4d37"},
    {file = "pymongo-4.6.3-cp310-cp310-manylinux_2_17_x86_64.manylinux2014_x86_64.whl", hash = "sha256:664c64b6bdb31aceb80f0556951e5e2bf50d359270732268b4e7af00a1cf5d6c"},
    {file = "pymongo-4.6.3-cp310-cp310-manylinux_2_5_i686.manylinux1_i686.manylinux_2_17_i686.manylinux2014_i686.whl", hash = "sha256:e4056bc421d4df2c61db4e584415f2b0f1eebb92cbf9222f7f38303467c37117"},
    {file = "pymongo-4.6.3-cp310-cp310-win32.whl", hash = "sha256:cdbea2aac1a4caa66ee912af3601557d2bda2f9f69feec83601c78c7e53ece64"},
    {file = "pymongo-4.6.3-cp310-cp310-win_amd64.whl", hash = "sha256:6cec7279e5a1b74b257d0270a8c97943d745811066630a6bc6beb413c68c6a33"},
    {file = "pymongo-4.6.3-cp311-cp311-macosx_10_9_universal2.whl", hash = "sha256:138b9fa18d40401c217bc038a48bcde4160b02d36d8632015b1804971a2eaa2f"},
    {file = "pymongo-4.6.3-cp311-cp311-manylinux_2_17_aarch64.manylinux2014_aarch64.whl", hash = "sha256:60931b0e07448afe8866ffff764cd5bf4b1a855dc84c7dcb3974c6aa6a377a59"},
    {file = "pymongo-4.6.3-cp311-cp311-manylinux_2_17_ppc64le.manylinux2014_ppc64le.whl", hash = "sha256:9b35f8bded43ff91475305445fedf0613f880ff7e25c75ae1028e1260a9b7a86"},
    {file = "pymongo-4.6.3-cp311-cp311-manylinux_2_17_s390x.manylinux2014_s390x.whl", hash = "sha256:872bad5c83f7eec9da11e1fef5f858c6a4c79fe4a83c7780e7b0fe95d560ae3f"},
    {file = "pymongo-4.6.3-cp311-cp311-manylinux_2_17_x86_64.manylinux2014_x86_64.whl", hash = "sha256:c2ad3e5bfcd345c0bfe9af69a82d720860b5b043c1657ffb513c18a0dee19c19"},
    {file = "pymongo-4.6.3-cp311-cp311-manylinux_2_5_i686.manylinux1_i686.manylinux_2_17_i686.manylinux2014_i686.whl", hash = "sha256:0e208f2ab7b495eff8fd175022abfb0abce6307ac5aee3f4de51fc1a459b71c9"},
    {file = "pymongo-4.6.3-cp311-cp311-win32.whl", hash = "sha256:4670edbb5ddd71a4d555668ef99b032a5f81b59e4145d66123aa0d831eac7883"},
    {file = "pymongo-4.6.3-cp311-cp311-win_amd64.whl", hash = "sha256:1c2761302b6cbfd12e239ce1b8061d4cf424a361d199dcb32da534985cae9350"},
    {file = "pymongo-4.6.3-cp312-cp312-macosx_10_9_universal2.whl", hash = "sha256:722f2b709b63311c0efda4fa4c603661faa4bec6bad24a6cc41a3bc6d841bf09"},
    {file = "pymongo-4.6.3-cp312-cp312-manylinux_2_17_aarch64.manylinux2014_aarch64.whl", hash = "sha256:994386a4d6ad39e18bcede6dc8d1d693ec3ed897b88f86b1841fbc37227406da"},
    {file = "pymongo-4.6.3-cp312-cp312-manylinux_2_17_ppc64le.manylinux2014_ppc64le.whl", hash = "sha256:391aea047bba928006114282f175bc8d09c53fe1b7d8920bf888325e229302fe"},
    {file = "pymongo-4.6.3-cp312-cp312-manylinux_2_17_s390x.manylinux2014_s390x.whl", hash = "sha256:f4330c022024e7994b630199cdae909123e4b0e9cf15335de71b146c0f6a2435"},
    {file = "pymongo-4.6.3-cp312-cp312-manylinux_2_17_x86_64.manylinux2014_x86_64.whl", hash = "sha256:01277a7e183c59081368e4efbde2b8f577014431b257959ca98d3a4e8682dd51"},
    {file = "pymongo-4.6.3-cp312-cp312-manylinux_2_5_i686.manylinux1_i686.manylinux_2_17_i686.manylinux2014_i686.whl", hash = "sha256:d30d5d7963453b478016bf7b0d87d7089ca24d93dbdecfbc9aa32f1b4772160a"},
    {file = "pymongo-4.6.3-cp312-cp312-win32.whl", hash = "sha256:a023804a3ac0f85d4510265b60978522368b5815772262e61e3a2222a8b315c9"},
    {file = "pymongo-4.6.3-cp312-cp312-win_amd64.whl", hash = "sha256:2a6ae9a600bbc2dbff719c98bf5da584fb8a4f2bb23729a09be2e9c3dbc61c8a"},
    {file = "pymongo-4.6.3-cp37-cp37m-macosx_10_6_intel.whl", hash = "sha256:3b909e5b1864de01510079b39bbdc480720c37747be5552b354bc73f02c24a3c"},
    {file = "pymongo-4.6.3-cp37-cp37m-manylinux1_i686.whl", hash = "sha256:48c60bd32ec141c0d45d8471179430003d9fb4490da181b8165fb1dce9cc255c"},
    {file = "pymongo-4.6.3-cp37-cp37m-manylinux1_x86_64.whl", hash = "sha256:36d7049fc183fe4edda3eae7f66ea14c660921429e082fe90b4b7f4dc6664a70"},
    {file = "pymongo-4.6.3-cp37-cp37m-manylinux2014_aarch64.whl", hash = "sha256:18e5c161b18660f1c9d1f78236de45520a436be65e42b7bb51f25f74ad22bdde"},
    {file = "pymongo-4.6.3-cp37-cp37m-manylinux2014_i686.whl", hash = "sha256:e458e6fc2b7dd40d15cda04898bd2d8c9ff7ae086c516bc261628d54eb4e3158"},
    {file = "pymongo-4.6.3-cp37-cp37m-manylinux2014_ppc64le.whl", hash = "sha256:e420e74c6db4594a6d09f39b58c0772679006cb0b4fc40901ba608794d87dad2"},
    {file = "pymongo-4.6.3-cp37-cp37m-manylinux2014_s390x.whl", hash = "sha256:9c9340c7161e112e36ebb97fbba1cdbe7db3dfacb694d2918b1f155a01f3d859"},
    {file = "pymongo-4.6.3-cp37-cp37m-manylinux2014_x86_64.whl", hash = "sha256:26d036e0f5de09d0b21d0fc30314fcf2ae6359e4d43ae109aa6cf27b4ce02d30"},
    {file = "pymongo-4.6.3-cp37-cp37m-manylinux_2_17_aarch64.manylinux2014_aarch64.whl", hash = "sha256:b7cf28d9c90e40d4e385b858e4095739829f466f23e08674085161d86bb4bb10"},
    {file = "pymongo-4.6.3-cp37-cp37m-manylinux_2_17_ppc64le.manylinux2014_ppc64le.whl", hash = "sha256:9066dff9dc0a182478ca5885d0b8a2b820b462e19459ada109df7a3ced31b272"},
    {file = "pymongo-4.6.3-cp37-cp37m-manylinux_2_17_s390x.manylinux2014_s390x.whl", hash = "sha256:e1e1586ebdebe0447a24842480defac17c496430a218486c96e2da3f164c0f05"},
    {file = "pymongo-4.6.3-cp37-cp37m-manylinux_2_17_x86_64.manylinux2014_x86_64.whl", hash = "sha256:8b3853fb66bf34ce1b6e573e1bbb3cb28763be9d1f57758535757faf1ab2f24a"},
    {file = "pymongo-4.6.3-cp37-cp37m-manylinux_2_5_i686.manylinux1_i686.manylinux_2_17_i686.manylinux2014_i686.whl", hash = "sha256:462684a6f5ce6f2661c30eab4d1d459231e0eed280f338e716e31a24fc09ccb3"},
    {file = "pymongo-4.6.3-cp37-cp37m-manylinux_2_5_i686.manylinux1_i686.whl", hash = "sha256:0a4ea44e5a913bdb7c9abd34c69e9fcfac10dfaf49765463e0dc1ea922dd2a9d"},
    {file = "pymongo-4.6.3-cp37-cp37m-manylinux_2_5_x86_64.manylinux1_x86_64.whl", hash = "sha256:098d420a8214ad25f872de7e8b309441995d12ece0376218a04d9ed5d2222cf3"},
    {file = "pymongo-4.6.3-cp37-cp37m-win32.whl", hash = "sha256:7330245253fbe2e09845069d2f4d35dd27f63e377034c94cb0ddac18bc8b0d82"},
    {file = "pymongo-4.6.3-cp37-cp37m-win_amd64.whl", hash = "sha256:151361c101600a85cb1c1e0db4e4b28318b521fcafa9b62d389f7342faaaee80"},
    {file = "pymongo-4.6.3-cp38-cp38-macosx_11_0_universal2.whl", hash = "sha256:4d167d546352869125dc86f6fda6dffc627d8a9c8963eaee665825f2520d542b"},
    {file = "pymongo-4.6.3-cp38-cp38-manylinux1_i686.whl", hash = "sha256:eaf3d594ebfd5e1f3503d81e06a5d78e33cda27418b36c2491c3d4ad4fca5972"},
    {file = "pymongo-4.6.3-cp38-cp38-manylinux1_x86_64.whl", hash = "sha256:7ee79e02a7c5ed34706ecb5dad19e6c7d267cf86d28c075ef3127c58f3081279"},
    {file = "pymongo-4.6.3-cp38-cp38-manylinux2014_aarch64.whl", hash = "sha256:af5c5112db04cf62a5d9d224a24f289aaecb47d152c08a457cca81cee061d5bd"},
    {file = "pymongo-4.6.3-cp38-cp38-manylinux2014_i686.whl", hash = "sha256:6b5aec78aa4840e8d6c3881900259892ab5733a366696ca10d99d68c3d73eaaf"},
    {file = "pymongo-4.6.3-cp38-cp38-manylinux2014_ppc64le.whl", hash = "sha256:9757602fb45c8ecc1883fe6db7c59c19d87eb3c645ec9342d28a6026837da931"},
    {file = "pymongo-4.6.3-cp38-cp38-manylinux2014_s390x.whl", hash = "sha256:dde9fb6e105ce054339256a8b7a9775212ebb29596ef4e402d7bbc63b354d202"},
    {file = "pymongo-4.6.3-cp38-cp38-manylinux2014_x86_64.whl", hash = "sha256:7df8b166d3db6cfead4cf55b481408d8f0935d8bd8d6dbf64507c49ef82c7200"},
    {file = "pymongo-4.6.3-cp38-cp38-manylinux_2_17_aarch64.manylinux2014_aarch64.whl", hash = "sha256:53451190b8628e1ce7d1fe105dc376c3f10705127bd3b51fe3e107b9ff1851e6"},
    {file = "pymongo-4.6.3-cp38-cp38-manylinux_2_17_ppc64le.manylinux2014_ppc64le.whl", hash = "sha256:75107a386d4ccf5291e75cce8ca3898430e7907f4cc1208a17c9efad33a1ea84"},
    {file = "pymongo-4.6.3-cp38-cp38-manylinux_2_17_s390x.manylinux2014_s390x.whl", hash = "sha256:4a0660ce32d8459b7f12dc3ca0141528fead62d3cce31b548f96f30902074cc0"},
    {file = "pymongo-4.6.3-cp38-cp38-manylinux_2_17_x86_64.manylinux2014_x86_64.whl", hash = "sha256:aa310096450e9c461b7dfd66cbc1c41771fe36c06200440bb3e062b1d4a06b6e"},
    {file = "pymongo-4.6.3-cp38-cp38-manylinux_2_5_i686.manylinux1_i686.manylinux_2_17_i686.manylinux2014_i686.whl", hash = "sha256:5f465cca9b178e7bb782f952dd58e9e92f8ba056e585959465f2bb50feddef5f"},
    {file = "pymongo-4.6.3-cp38-cp38-manylinux_2_5_i686.manylinux1_i686.whl", hash = "sha256:c67c19f653053ef2ebd7f1837c2978400058d6d7f66ec5760373a21eaf660158"},
    {file = "pymongo-4.6.3-cp38-cp38-manylinux_2_5_x86_64.manylinux1_x86_64.whl", hash = "sha256:c701de8e483fb5e53874aab642235361aac6de698146b02c644389eaa8c137b6"},
    {file = "pymongo-4.6.3-cp38-cp38-win32.whl", hash = "sha256:90525454546536544307e6da9c81f331a71a1b144e2d038fec587cc9f9250285"},
    {file = "pymongo-4.6.3-cp38-cp38-win_amd64.whl", hash = "sha256:3e1ba5a037c526a3f4060c28f8d45d71ed9626e2bf954b0cd9a8dcc3b45172ee"},
    {file = "pymongo-4.6.3-cp39-cp39-macosx_10_9_universal2.whl", hash = "sha256:14a82593528cddc93cfea5ee78fac95ae763a3a4e124ca79ee0b24fbbc6da1c9"},
    {file = "pymongo-4.6.3-cp39-cp39-manylinux1_i686.whl", hash = "sha256:cd6c15242d9306ff1748681c3235284cbe9f807aeaa86cd17d85e72af626e9a7"},
    {file = "pymongo-4.6.3-cp39-cp39-manylinux1_x86_64.whl", hash = "sha256:6de33f1b2eed91b802ec7abeb92ffb981d052f3604b45588309aae9e0f6e3c02"},
    {file = "pymongo-4.6.3-cp39-cp39-manylinux2014_aarch64.whl", hash = "sha256:0182899aafe830f25cf96c5976d724efeaaf7b6646c15424ad8dd25422b2efe1"},
    {file = "pymongo-4.6.3-cp39-cp39-manylinux2014_i686.whl", hash = "sha256:8d0ea740a2faa56f930dc82c5976d96c017ece26b29a1cddafb58721c7aab960"},
    {file = "pymongo-4.6.3-cp39-cp39-manylinux2014_ppc64le.whl", hash = "sha256:5c8a4982f5eb767c6fbfb8fb378683d09bcab7c3251ba64357eef600d43f6c23"},
    {file = "pymongo-4.6.3-cp39-cp39-manylinux2014_s390x.whl", hash = "sha256:becfa816545a48c8e740ac2fd624c1c121e1362072d68ffcf37a6b1be8ea187e"},
    {file = "pymongo-4.6.3-cp39-cp39-manylinux2014_x86_64.whl", hash = "sha256:ff7d1f449fcad23d9bc8e8dc2b9972be38bcd76d99ea5f7d29b2efa929c2a7ff"},
    {file = "pymongo-4.6.3-cp39-cp39-manylinux_2_17_aarch64.manylinux2014_aarch64.whl", hash = "sha256:e097f877de4d6af13a33ef938bf2a2350f424be5deabf8b857da95f5b080487a"},
    {file = "pymongo-4.6.3-cp39-cp39-manylinux_2_17_ppc64le.manylinux2014_ppc64le.whl", hash = "sha256:705a9bfd619301ee7e985d6f91f68b15dfcb2f6f36b8cc225cc82d4260d2bce5"},
    {file = "pymongo-4.6.3-cp39-cp39-manylinux_2_17_s390x.manylinux2014_s390x.whl", hash = "sha256:2ef1b4992ee1cb8bb16745e70afa0c02c5360220a7a8bb4775888721f052d0a6"},
    {file = "pymongo-4.6.3-cp39-cp39-manylinux_2_17_x86_64.manylinux2014_x86_64.whl", hash = "sha256:b3d10bdd46cbc35a2109737d36ffbef32e7420569a87904738ad444ccb7ac2c5"},
    {file = "pymongo-4.6.3-cp39-cp39-manylinux_2_5_i686.manylinux1_i686.manylinux_2_17_i686.manylinux2014_i686.whl", hash = "sha256:17c1c143ba77d6e21fc8b48e93f0a5ed982a23447434e9ee4fbb6d633402506b"},
    {file = "pymongo-4.6.3-cp39-cp39-manylinux_2_5_i686.manylinux1_i686.whl", hash = "sha256:9e51e30d67b468a2a634ade928b30cb3e420127f148a9aec60de33f39087bdc4"},
    {file = "pymongo-4.6.3-cp39-cp39-manylinux_2_5_x86_64.manylinux1_x86_64.whl", hash = "sha256:bec8e4e88984be157408f1923d25869e1b575c07711cdbdde596f66931800934"},
    {file = "pymongo-4.6.3-cp39-cp39-win32.whl", hash = "sha256:98877a9c4ad42df8253a12d8d17a3265781d1feb5c91c767bd153f88feb0b670"},
    {file = "pymongo-4.6.3-cp39-cp39-win_amd64.whl", hash = "sha256:6d5b35da9e16cda630baed790ffc3d0d01029d269523a7cec34d2ec7e6823e75"},
    {file = "pymongo-4.6.3.tar.gz", hash = "sha256:400074090b9a631f120b42c61b222fd743490c133a5d2f99c0208cefcccc964e"},
]

[package.dependencies]
dnspython = ">=1.16.0,<3.0.0"

[package.extras]
aws = ["pymongo-auth-aws (<2.0.0)"]
encryption = ["certifi", "pymongo[aws]", "pymongocrypt (>=1.6.0,<2.0.0)"]
gssapi = ["pykerberos", "winkerberos (>=0.5.0)"]
ocsp = ["certifi", "cryptography (>=2.5)", "pyopenssl (>=17.2.0)", "requests (<3.0.0)", "service-identity (>=18.1.0)"]
snappy = ["python-snappy"]
test = ["pytest (>=7)"]
zstd = ["zstandard"]

[[package]]
name = "pyright"
version = "1.1.358"
description = "Command line wrapper for pyright"
optional = false
python-versions = ">=3.7"
files = [
    {file = "pyright-1.1.358-py3-none-any.whl", hash = "sha256:0995b6a95eb11bd26f093cd5dee3d5e7258441b1b94d4a171b5dc5b79a1d4f4e"},
    {file = "pyright-1.1.358.tar.gz", hash = "sha256:185524a8d52f6f14bbd3b290b92ad905f25b964dddc9e7148aad760bd35c9f60"},
]

[package.dependencies]
nodeenv = ">=1.6.0"

[package.extras]
all = ["twine (>=3.4.1)"]
dev = ["twine (>=3.4.1)"]

[[package]]
name = "ruff"
version = "0.3.7"
description = "An extremely fast Python linter and code formatter, written in Rust."
optional = false
python-versions = ">=3.7"
files = [
    {file = "ruff-0.3.7-py3-none-macosx_10_12_x86_64.macosx_11_0_arm64.macosx_10_12_universal2.whl", hash = "sha256:0e8377cccb2f07abd25e84fc5b2cbe48eeb0fea9f1719cad7caedb061d70e5ce"},
    {file = "ruff-0.3.7-py3-none-macosx_10_12_x86_64.whl", hash = "sha256:15a4d1cc1e64e556fa0d67bfd388fed416b7f3b26d5d1c3e7d192c897e39ba4b"},
    {file = "ruff-0.3.7-py3-none-manylinux_2_17_aarch64.manylinux2014_aarch64.whl", hash = "sha256:d28bdf3d7dc71dd46929fafeec98ba89b7c3550c3f0978e36389b5631b793663"},
    {file = "ruff-0.3.7-py3-none-manylinux_2_17_armv7l.manylinux2014_armv7l.whl", hash = "sha256:379b67d4f49774ba679593b232dcd90d9e10f04d96e3c8ce4a28037ae473f7bb"},
    {file = "ruff-0.3.7-py3-none-manylinux_2_17_i686.manylinux2014_i686.whl", hash = "sha256:c060aea8ad5ef21cdfbbe05475ab5104ce7827b639a78dd55383a6e9895b7c51"},
    {file = "ruff-0.3.7-py3-none-manylinux_2_17_ppc64.manylinux2014_ppc64.whl", hash = "sha256:ebf8f615dde968272d70502c083ebf963b6781aacd3079081e03b32adfe4d58a"},
    {file = "ruff-0.3.7-py3-none-manylinux_2_17_ppc64le.manylinux2014_ppc64le.whl", hash = "sha256:d48098bd8f5c38897b03604f5428901b65e3c97d40b3952e38637b5404b739a2"},
    {file = "ruff-0.3.7-py3-none-manylinux_2_17_s390x.manylinux2014_s390x.whl", hash = "sha256:da8a4fda219bf9024692b1bc68c9cff4b80507879ada8769dc7e985755d662ea"},
    {file = "ruff-0.3.7-py3-none-manylinux_2_17_x86_64.manylinux2014_x86_64.whl", hash = "sha256:6c44e0149f1d8b48c4d5c33d88c677a4aa22fd09b1683d6a7ff55b816b5d074f"},
    {file = "ruff-0.3.7-py3-none-musllinux_1_2_aarch64.whl", hash = "sha256:3050ec0af72b709a62ecc2aca941b9cd479a7bf2b36cc4562f0033d688e44fa1"},
    {file = "ruff-0.3.7-py3-none-musllinux_1_2_armv7l.whl", hash = "sha256:a29cc38e4c1ab00da18a3f6777f8b50099d73326981bb7d182e54a9a21bb4ff7"},
    {file = "ruff-0.3.7-py3-none-musllinux_1_2_i686.whl", hash = "sha256:5b15cc59c19edca917f51b1956637db47e200b0fc5e6e1878233d3a938384b0b"},
    {file = "ruff-0.3.7-py3-none-musllinux_1_2_x86_64.whl", hash = "sha256:e491045781b1e38b72c91247cf4634f040f8d0cb3e6d3d64d38dcf43616650b4"},
    {file = "ruff-0.3.7-py3-none-win32.whl", hash = "sha256:bc931de87593d64fad3a22e201e55ad76271f1d5bfc44e1a1887edd0903c7d9f"},
    {file = "ruff-0.3.7-py3-none-win_amd64.whl", hash = "sha256:5ef0e501e1e39f35e03c2acb1d1238c595b8bb36cf7a170e7c1df1b73da00e74"},
    {file = "ruff-0.3.7-py3-none-win_arm64.whl", hash = "sha256:789e144f6dc7019d1f92a812891c645274ed08af6037d11fc65fcbc183b7d59f"},
    {file = "ruff-0.3.7.tar.gz", hash = "sha256:d5c1aebee5162c2226784800ae031f660c350e7a3402c4d1f8ea4e97e232e3ba"},
]

[[package]]
name = "setuptools"
version = "69.5.1"
description = "Easily download, build, install, upgrade, and uninstall Python packages"
optional = false
python-versions = ">=3.8"
files = [
    {file = "setuptools-69.5.1-py3-none-any.whl", hash = "sha256:c636ac361bc47580504644275c9ad802c50415c7522212252c033bd15f301f32"},
    {file = "setuptools-69.5.1.tar.gz", hash = "sha256:6c1fccdac05a97e598fb0ae3bbed5904ccb317337a51139dcd51453611bbb987"},
]

[package.extras]
docs = ["furo", "jaraco.packaging (>=9.3)", "jaraco.tidelift (>=1.4)", "pygments-github-lexers (==0.0.5)", "rst.linker (>=1.9)", "sphinx (>=3.5)", "sphinx-favicon", "sphinx-inline-tabs", "sphinx-lint", "sphinx-notfound-page (>=1,<2)", "sphinx-reredirects", "sphinxcontrib-towncrier"]
testing = ["build[virtualenv]", "filelock (>=3.4.0)", "importlib-metadata", "ini2toml[lite] (>=0.9)", "jaraco.develop (>=7.21)", "jaraco.envs (>=2.2)", "jaraco.path (>=3.2.0)", "mypy (==1.9)", "packaging (>=23.2)", "pip (>=19.1)", "pytest (>=6,!=8.1.1)", "pytest-checkdocs (>=2.4)", "pytest-cov", "pytest-enabler (>=2.2)", "pytest-home (>=0.5)", "pytest-mypy", "pytest-perf", "pytest-ruff (>=0.2.1)", "pytest-timeout", "pytest-xdist (>=3)", "tomli", "tomli-w (>=1.0.0)", "virtualenv (>=13.0.0)", "wheel"]
testing-integration = ["build[virtualenv] (>=1.0.3)", "filelock (>=3.4.0)", "jaraco.envs (>=2.2)", "jaraco.path (>=3.2.0)", "packaging (>=23.2)", "pytest", "pytest-enabler", "pytest-xdist", "tomli", "virtualenv (>=13.0.0)", "wheel"]

[[package]]
name = "typing-extensions"
version = "4.11.0"
description = "Backported and Experimental Type Hints for Python 3.8+"
optional = false
python-versions = ">=3.8"
files = [
    {file = "typing_extensions-4.11.0-py3-none-any.whl", hash = "sha256:c1f94d72897edaf4ce775bb7558d5b79d8126906a14ea5ed1635921406c0387a"},
    {file = "typing_extensions-4.11.0.tar.gz", hash = "sha256:83f085bd5ca59c80295fc2a82ab5dac679cbe02b9f33f7d83af68e241bea51b0"},
]

[extras]
mongo = ["motor"]

[metadata]
lock-version = "2.0"
python-versions = "^3.8"
content-hash = "a99e2e43f8294b9125451067a80377948e95e2bde639ff480c0c34fddd14bb1d"
